
Microsoft Visual Studio Solution File, Format Version 12.00
# Visual Studio Version 17
VisualStudioVersion = 17.1.32319.34
MinimumVisualStudioVersion = 10.0.40219.1
Project("{FAE04EC0-301F-11D3-BF4B-00C04F79EFBC}") = "ce100-hw2-algo-lib-cs", "ce100-hw2-algo-lib-cs\ce100-hw2-algo-lib-cs.csproj", "{9047EB99-4D67-4590-9975-1E3A52B34B40}"
EndProject
Project("{FAE04EC0-301F-11D3-BF4B-00C04F79EFBC}") = "ce100-hw2-algo-test-cs", "ce100-hw2-algo-test-cs\ce100-hw2-algo-test-cs.csproj", "{60258D8B-C269-42DF-BBA3-1E843F9C5134}"
EndProject
Global
	GlobalSection(SolutionConfigurationPlatforms) = preSolution
		Debug|Any CPU = Debug|Any CPU
		Release|Any CPU = Release|Any CPU
	EndGlobalSection
	GlobalSection(ProjectConfigurationPlatforms) = postSolution
		{9047EB99-4D67-4590-9975-1E3A52B34B40}.Debug|Any CPU.ActiveCfg = Debug|Any CPU
		{9047EB99-4D67-4590-9975-1E3A52B34B40}.Debug|Any CPU.Build.0 = Debug|Any CPU
		{9047EB99-4D67-4590-9975-1E3A52B34B40}.Release|Any CPU.ActiveCfg = Release|Any CPU
		{9047EB99-4D67-4590-9975-1E3A52B34B40}.Release|Any CPU.Build.0 = Release|Any CPU
		{60258D8B-C269-42DF-BBA3-1E843F9C5134}.Debug|Any CPU.ActiveCfg = Debug|Any CPU
		{60258D8B-C269-42DF-BBA3-1E843F9C5134}.Debug|Any CPU.Build.0 = Debug|Any CPU
		{60258D8B-C269-42DF-BBA3-1E843F9C5134}.Release|Any CPU.ActiveCfg = Release|Any CPU
		{60258D8B-C269-42DF-BBA3-1E843F9C5134}.Release|Any CPU.Build.0 = Release|Any CPU
	EndGlobalSection
	GlobalSection(SolutionProperties) = preSolution
		HideSolutionNode = FALSE
	EndGlobalSection
	GlobalSection(ExtensibilityGlobals) = postSolution
		SolutionGuid = {83FE4529-7AF2-41E8-898B-A84964F08154}
	EndGlobalSection
EndGlobal
